
Microsoft Visual Studio Solution File, Format Version 12.00
# Visual Studio Version 16
VisualStudioVersion = 16.0.28729.10
MinimumVisualStudioVersion = 10.0.40219.1
Project("{FAE04EC0-301F-11D3-BF4B-00C04F79EFBC}") = "Ch06Ex01", "Ch06Ex01\Ch06Ex01.csproj", "{07133B79-B464-4ADA-99B3-C3BAD7E713F0}"
EndProject
Global
	GlobalSection(SolutionConfigurationPlatforms) = preSolution
		Debug|Any CPU = Debug|Any CPU
		Release|Any CPU = Release|Any CPU
	EndGlobalSection
	GlobalSection(ProjectConfigurationPlatforms) = postSolution
		{07133B79-B464-4ADA-99B3-C3BAD7E713F0}.Debug|Any CPU.ActiveCfg = Debug|Any CPU
		{07133B79-B464-4ADA-99B3-C3BAD7E713F0}.Debug|Any CPU.Build.0 = Debug|Any CPU
		{07133B79-B464-4ADA-99B3-C3BAD7E713F0}.Release|Any CPU.ActiveCfg = Release|Any CPU
		{07133B79-B464-4ADA-99B3-C3BAD7E713F0}.Release|Any CPU.Build.0 = Release|Any CPU
	EndGlobalSection
	GlobalSection(SolutionProperties) = preSolution
		HideSolutionNode = FALSE
	EndGlobalSection
	GlobalSection(ExtensibilityGlobals) = postSolution
		SolutionGuid = {73035BE9-6B7B-4C13-B461-FBFE69A28186}
	EndGlobalSection
EndGlobal
